// !$*UTF8*$!
{
	archiveVersion = 1;
	classes = {
	};
	objectVersion = 50;
	objects = {

/* Begin PBXBuildFile section */
		3E063D05249AA5A800336E8C /* ChatScrollView.swift in Sources */ = {isa = PBXBuildFile; fileRef = 3E063D04249AA5A800336E8C /* ChatScrollView.swift */; };
		3E063D07249AA65E00336E8C /* MessageView.swift in Sources */ = {isa = PBXBuildFile; fileRef = 3E063D06249AA65E00336E8C /* MessageView.swift */; };
		3E063D09249AA9B900336E8C /* ToolbarView.swift in Sources */ = {isa = PBXBuildFile; fileRef = 3E063D08249AA9B900336E8C /* ToolbarView.swift */; };
		3E0773A7249B960F00D2816E /* TranslationResponse.swift in Sources */ = {isa = PBXBuildFile; fileRef = 3E0773A6249B960F00D2816E /* TranslationResponse.swift */; };
		3E0773AA249BB1E600D2816E /* TranslationService.swift in Sources */ = {isa = PBXBuildFile; fileRef = 3E0773A9249BB1E600D2816E /* TranslationService.swift */; };
		3E6C6B6224926C26009110F0 /* AppDelegate.swift in Sources */ = {isa = PBXBuildFile; fileRef = 3E6C6B6124926C26009110F0 /* AppDelegate.swift */; };
		3E6C6B6424926C26009110F0 /* SceneDelegate.swift in Sources */ = {isa = PBXBuildFile; fileRef = 3E6C6B6324926C26009110F0 /* SceneDelegate.swift */; };
		3E6C6B6624926C26009110F0 /* ContentView.swift in Sources */ = {isa = PBXBuildFile; fileRef = 3E6C6B6524926C26009110F0 /* ContentView.swift */; };
		3E6C6B6824926C27009110F0 /* Assets.xcassets in Resources */ = {isa = PBXBuildFile; fileRef = 3E6C6B6724926C27009110F0 /* Assets.xcassets */; };
		3E6C6B6E24926C27009110F0 /* LaunchScreen.storyboard in Resources */ = {isa = PBXBuildFile; fileRef = 3E6C6B6C24926C27009110F0 /* LaunchScreen.storyboard */; };
		3EB941C824956D2200587DA7 /* DateFormatter+Extension.swift in Sources */ = {isa = PBXBuildFile; fileRef = 3EB941C724956D2200587DA7 /* DateFormatter+Extension.swift */; };
		3EB941CD24956E9900587DA7 /* Message.swift in Sources */ = {isa = PBXBuildFile; fileRef = 3EB941CC24956E9900587DA7 /* Message.swift */; };
		3EB941CF2495704F00587DA7 /* User.swift in Sources */ = {isa = PBXBuildFile; fileRef = 3EB941CE2495704F00587DA7 /* User.swift */; };
		3EB941D22495715300587DA7 /* ChatViewModel.swift in Sources */ = {isa = PBXBuildFile; fileRef = 3EB941D12495715300587DA7 /* ChatViewModel.swift */; };
/* End PBXBuildFile section */

/* Begin PBXFileReference section */
		3E063D04249AA5A800336E8C /* ChatScrollView.swift */ = {isa = PBXFileReference; lastKnownFileType = sourcecode.swift; path = ChatScrollView.swift; sourceTree = "<group>"; };
		3E063D06249AA65E00336E8C /* MessageView.swift */ = {isa = PBXFileReference; lastKnownFileType = sourcecode.swift; path = MessageView.swift; sourceTree = "<group>"; };
		3E063D08249AA9B900336E8C /* ToolbarView.swift */ = {isa = PBXFileReference; lastKnownFileType = sourcecode.swift; path = ToolbarView.swift; sourceTree = "<group>"; };
		3E0773A6249B960F00D2816E /* TranslationResponse.swift */ = {isa = PBXFileReference; lastKnownFileType = sourcecode.swift; path = TranslationResponse.swift; sourceTree = "<group>"; };
		3E0773A9249BB1E600D2816E /* TranslationService.swift */ = {isa = PBXFileReference; lastKnownFileType = sourcecode.swift; path = TranslationService.swift; sourceTree = "<group>"; };
		3E6C6B5E24926C26009110F0 /* CrossTalk.app */ = {isa = PBXFileReference; explicitFileType = wrapper.application; includeInIndex = 0; path = CrossTalk.app; sourceTree = BUILT_PRODUCTS_DIR; };
		3E6C6B6124926C26009110F0 /* AppDelegate.swift */ = {isa = PBXFileReference; lastKnownFileType = sourcecode.swift; path = AppDelegate.swift; sourceTree = "<group>"; };
		3E6C6B6324926C26009110F0 /* SceneDelegate.swift */ = {isa = PBXFileReference; lastKnownFileType = sourcecode.swift; path = SceneDelegate.swift; sourceTree = "<group>"; };
		3E6C6B6524926C26009110F0 /* ContentView.swift */ = {isa = PBXFileReference; lastKnownFileType = sourcecode.swift; path = ContentView.swift; sourceTree = "<group>"; };
		3E6C6B6724926C27009110F0 /* Assets.xcassets */ = {isa = PBXFileReference; lastKnownFileType = folder.assetcatalog; path = Assets.xcassets; sourceTree = "<group>"; };
		3E6C6B6D24926C27009110F0 /* Base */ = {isa = PBXFileReference; lastKnownFileType = file.storyboard; name = Base; path = Base.lproj/LaunchScreen.storyboard; sourceTree = "<group>"; };
		3E6C6B6F24926C27009110F0 /* Info.plist */ = {isa = PBXFileReference; lastKnownFileType = text.plist.xml; path = Info.plist; sourceTree = "<group>"; };
		3EB941C724956D2200587DA7 /* DateFormatter+Extension.swift */ = {isa = PBXFileReference; lastKnownFileType = sourcecode.swift; path = "DateFormatter+Extension.swift"; sourceTree = "<group>"; };
		3EB941CC24956E9900587DA7 /* Message.swift */ = {isa = PBXFileReference; lastKnownFileType = sourcecode.swift; path = Message.swift; sourceTree = "<group>"; };
		3EB941CE2495704F00587DA7 /* User.swift */ = {isa = PBXFileReference; lastKnownFileType = sourcecode.swift; path = User.swift; sourceTree = "<group>"; };
		3EB941D12495715300587DA7 /* ChatViewModel.swift */ = {isa = PBXFileReference; lastKnownFileType = sourcecode.swift; path = ChatViewModel.swift; sourceTree = "<group>"; };
/* End PBXFileReference section */

/* Begin PBXFrameworksBuildPhase section */
		3E6C6B5B24926C26009110F0 /* Frameworks */ = {
			isa = PBXFrameworksBuildPhase;
			buildActionMask = 2147483647;
			files = (
			);
			runOnlyForDeploymentPostprocessing = 0;
		};
/* End PBXFrameworksBuildPhase section */

/* Begin PBXGroup section */
		3E0547872499148C00085C93 /* Views */ = {
			isa = PBXGroup;
			children = (
				3E6C6B6524926C26009110F0 /* ContentView.swift */,
				3E063D04249AA5A800336E8C /* ChatScrollView.swift */,
				3E063D06249AA65E00336E8C /* MessageView.swift */,
				3E063D08249AA9B900336E8C /* ToolbarView.swift */,
			);
			name = Views;
			sourceTree = "<group>";
		};
		3E054788249914A300085C93 /* App */ = {
			isa = PBXGroup;
			children = (
				3E6C6B6124926C26009110F0 /* AppDelegate.swift */,
				3E6C6B6324926C26009110F0 /* SceneDelegate.swift */,
			);
			name = App;
			sourceTree = "<group>";
		};
		3E0773A8249BB1C500D2816E /* Services */ = {
			isa = PBXGroup;
			children = (
				3E0773A9249BB1E600D2816E /* TranslationService.swift */,
			);
			name = Services;
			sourceTree = "<group>";
		};
		3E6C6B5524926C26009110F0 = {
			isa = PBXGroup;
			children = (
				3E6C6B6024926C26009110F0 /* CrossTalk */,
				3E6C6B5F24926C26009110F0 /* Products */,
			);
			sourceTree = "<group>";
		};
		3E6C6B5F24926C26009110F0 /* Products */ = {
			isa = PBXGroup;
			children = (
				3E6C6B5E24926C26009110F0 /* CrossTalk.app */,
			);
			name = Products;
			sourceTree = "<group>";
		};
		3E6C6B6024926C26009110F0 /* CrossTalk */ = {
			isa = PBXGroup;
			children = (
				3E054788249914A300085C93 /* App */,
				3EB941CB24956E8C00587DA7 /* Models */,
				3E0773A8249BB1C500D2816E /* Services */,
				3EB941CA24956E1400587DA7 /* Supporting Files */,
				3EB941D02495714100587DA7 /* ViewModel */,
				3E0547872499148C00085C93 /* Views */,
			);
			path = CrossTalk;
			sourceTree = "<group>";
		};
		3E6C6B6924926C27009110F0 /* Preview Content */ = {
			isa = PBXGroup;
			children = (
			);
			path = "Preview Content";
			sourceTree = "<group>";
		};
		3EB941CA24956E1400587DA7 /* Supporting Files */ = {
			isa = PBXGroup;
			children = (
				3E6C6B6724926C27009110F0 /* Assets.xcassets */,
				3E6C6B6C24926C27009110F0 /* LaunchScreen.storyboard */,
				3E6C6B6F24926C27009110F0 /* Info.plist */,
				3E6C6B6924926C27009110F0 /* Preview Content */,
				3EB941C724956D2200587DA7 /* DateFormatter+Extension.swift */,
			);
			name = "Supporting Files";
			sourceTree = "<group>";
		};
		3EB941CB24956E8C00587DA7 /* Models */ = {
			isa = PBXGroup;
			children = (
				3EB941CC24956E9900587DA7 /* Message.swift */,
				3EB941CE2495704F00587DA7 /* User.swift */,
				3E0773A6249B960F00D2816E /* TranslationResponse.swift */,
			);
			name = Models;
			sourceTree = "<group>";
		};
		3EB941D02495714100587DA7 /* ViewModel */ = {
			isa = PBXGroup;
			children = (
				3EB941D12495715300587DA7 /* ChatViewModel.swift */,
			);
			path = ViewModel;
			sourceTree = "<group>";
		};
/* End PBXGroup section */

/* Begin PBXNativeTarget section */
		3E6C6B5D24926C26009110F0 /* CrossTalk */ = {
			isa = PBXNativeTarget;
			buildConfigurationList = 3E6C6B7224926C27009110F0 /* Build configuration list for PBXNativeTarget "CrossTalk" */;
			buildPhases = (
				3E6C6B5A24926C26009110F0 /* Sources */,
				3E6C6B5B24926C26009110F0 /* Frameworks */,
				3E6C6B5C24926C26009110F0 /* Resources */,
			);
			buildRules = (
			);
			dependencies = (
			);
			name = CrossTalk;
			productName = CrossTalk;
			productReference = 3E6C6B5E24926C26009110F0 /* CrossTalk.app */;
			productType = "com.apple.product-type.application";
		};
/* End PBXNativeTarget section */

/* Begin PBXProject section */
		3E6C6B5624926C26009110F0 /* Project object */ = {
			isa = PBXProject;
			attributes = {
				LastSwiftUpdateCheck = 1130;
				LastUpgradeCheck = 1130;
				ORGANIZATIONNAME = "Дмитрий Ф";
				TargetAttributes = {
					3E6C6B5D24926C26009110F0 = {
						CreatedOnToolsVersion = 11.3.1;
					};
				};
			};
			buildConfigurationList = 3E6C6B5924926C26009110F0 /* Build configuration list for PBXProject "CrossTalk" */;
			compatibilityVersion = "Xcode 9.3";
			developmentRegion = en;
			hasScannedForEncodings = 0;
			knownRegions = (
				en,
				Base,
			);
			mainGroup = 3E6C6B5524926C26009110F0;
			productRefGroup = 3E6C6B5F24926C26009110F0 /* Products */;
			projectDirPath = "";
			projectRoot = "";
			targets = (
				3E6C6B5D24926C26009110F0 /* CrossTalk */,
			);
		};
/* End PBXProject section */

/* Begin PBXResourcesBuildPhase section */
		3E6C6B5C24926C26009110F0 /* Resources */ = {
			isa = PBXResourcesBuildPhase;
			buildActionMask = 2147483647;
			files = (
				3E6C6B6E24926C27009110F0 /* LaunchScreen.storyboard in Resources */,
				3E6C6B6824926C27009110F0 /* Assets.xcassets in Resources */,
			);
			runOnlyForDeploymentPostprocessing = 0;
		};
/* End PBXResourcesBuildPhase section */

/* Begin PBXSourcesBuildPhase section */
		3E6C6B5A24926C26009110F0 /* Sources */ = {
			isa = PBXSourcesBuildPhase;
			buildActionMask = 2147483647;
			files = (
				3E6C6B6224926C26009110F0 /* AppDelegate.swift in Sources */,
				3E063D05249AA5A800336E8C /* ChatScrollView.swift in Sources */,
				3EB941D22495715300587DA7 /* ChatViewModel.swift in Sources */,
				3E063D07249AA65E00336E8C /* MessageView.swift in Sources */,
				3E6C6B6424926C26009110F0 /* SceneDelegate.swift in Sources */,
				3EB941CF2495704F00587DA7 /* User.swift in Sources */,
				3E063D09249AA9B900336E8C /* ToolbarView.swift in Sources */,
				3EB941CD24956E9900587DA7 /* Message.swift in Sources */,
				3E0773A7249B960F00D2816E /* TranslationResponse.swift in Sources */,
				3EB941C824956D2200587DA7 /* DateFormatter+Extension.swift in Sources */,
				3E6C6B6624926C26009110F0 /* ContentView.swift in Sources */,
				3E0773AA249BB1E600D2816E /* TranslationService.swift in Sources */,
			);
			runOnlyForDeploymentPostprocessing = 0;
		};
/* End PBXSourcesBuildPhase section */

/* Begin PBXVariantGroup section */
		3E6C6B6C24926C27009110F0 /* LaunchScreen.storyboard */ = {
			isa = PBXVariantGroup;
			children = (
				3E6C6B6D24926C27009110F0 /* Base */,
			);
			name = LaunchScreen.storyboard;
			sourceTree = "<group>";
		};
/* End PBXVariantGroup section */

/* Begin XCBuildConfiguration section */
		3E6C6B7024926C27009110F0 /* Debug */ = {
			isa = XCBuildConfiguration;
			buildSettings = {
				ALWAYS_SEARCH_USER_PATHS = NO;
				CLANG_ANALYZER_NONNULL = YES;
				CLANG_ANALYZER_NUMBER_OBJECT_CONVERSION = YES_AGGRESSIVE;
				CLANG_CXX_LANGUAGE_STANDARD = "gnu++14";
				CLANG_CXX_LIBRARY = "libc++";
				CLANG_ENABLE_MODULES = YES;
				CLANG_ENABLE_OBJC_ARC = YES;
				CLANG_ENABLE_OBJC_WEAK = YES;
				CLANG_WARN_BLOCK_CAPTURE_AUTORELEASING = YES;
				CLANG_WARN_BOOL_CONVERSION = YES;
				CLANG_WARN_COMMA = YES;
				CLANG_WARN_CONSTANT_CONVERSION = YES;
				CLANG_WARN_DEPRECATED_OBJC_IMPLEMENTATIONS = YES;
				CLANG_WARN_DIRECT_OBJC_ISA_USAGE = YES_ERROR;
				CLANG_WARN_DOCUMENTATION_COMMENTS = YES;
				CLANG_WARN_EMPTY_BODY = YES;
				CLANG_WARN_ENUM_CONVERSION = YES;
				CLANG_WARN_INFINITE_RECURSION = YES;
				CLANG_WARN_INT_CONVERSION = YES;
				CLANG_WARN_NON_LITERAL_NULL_CONVERSION = YES;
				CLANG_WARN_OBJC_IMPLICIT_RETAIN_SELF = YES;
				CLANG_WARN_OBJC_LITERAL_CONVERSION = YES;
				CLANG_WARN_OBJC_ROOT_CLASS = YES_ERROR;
				CLANG_WARN_RANGE_LOOP_ANALYSIS = YES;
				CLANG_WARN_STRICT_PROTOTYPES = YES;
				CLANG_WARN_SUSPICIOUS_MOVE = YES;
				CLANG_WARN_UNGUARDED_AVAILABILITY = YES_AGGRESSIVE;
				CLANG_WARN_UNREACHABLE_CODE = YES;
				CLANG_WARN__DUPLICATE_METHOD_MATCH = YES;
				COPY_PHASE_STRIP = NO;
				DEBUG_INFORMATION_FORMAT = dwarf;
				ENABLE_STRICT_OBJC_MSGSEND = YES;
				ENABLE_TESTABILITY = YES;
				GCC_C_LANGUAGE_STANDARD = gnu11;
				GCC_DYNAMIC_NO_PIC = NO;
				GCC_NO_COMMON_BLOCKS = YES;
				GCC_OPTIMIZATION_LEVEL = 0;
				GCC_PREPROCESSOR_DEFINITIONS = (
					"DEBUG=1",
					"$(inherited)",
				);
				GCC_WARN_64_TO_32_BIT_CONVERSION = YES;
				GCC_WARN_ABOUT_RETURN_TYPE = YES_ERROR;
				GCC_WARN_UNDECLARED_SELECTOR = YES;
				GCC_WARN_UNINITIALIZED_AUTOS = YES_AGGRESSIVE;
				GCC_WARN_UNUSED_FUNCTION = YES;
				GCC_WARN_UNUSED_VARIABLE = YES;
				IPHONEOS_DEPLOYMENT_TARGET = 13.2;
				MTL_ENABLE_DEBUG_INFO = INCLUDE_SOURCE;
				MTL_FAST_MATH = YES;
				ONLY_ACTIVE_ARCH = YES;
				SDKROOT = iphoneos;
				SWIFT_ACTIVE_COMPILATION_CONDITIONS = DEBUG;
				SWIFT_OPTIMIZATION_LEVEL = "-Onone";
			};
			name = Debug;
		};
		3E6C6B7124926C27009110F0 /* Release */ = {
			isa = XCBuildConfiguration;
			buildSettings = {
				ALWAYS_SEARCH_USER_PATHS = NO;
				CLANG_ANALYZER_NONNULL = YES;
				CLANG_ANALYZER_NUMBER_OBJECT_CONVERSION = YES_AGGRESSIVE;
				CLANG_CXX_LANGUAGE_STANDARD = "gnu++14";
				CLANG_CXX_LIBRARY = "libc++";
				CLANG_ENABLE_MODULES = YES;
				CLANG_ENABLE_OBJC_ARC = YES;
				CLANG_ENABLE_OBJC_WEAK = YES;
				CLANG_WARN_BLOCK_CAPTURE_AUTORELEASING = YES;
				CLANG_WARN_BOOL_CONVERSION = YES;
				CLANG_WARN_COMMA = YES;
				CLANG_WARN_CONSTANT_CONVERSION = YES;
				CLANG_WARN_DEPRECATED_OBJC_IMPLEMENTATIONS = YES;
				CLANG_WARN_DIRECT_OBJC_ISA_USAGE = YES_ERROR;
				CLANG_WARN_DOCUMENTATION_COMMENTS = YES;
				CLANG_WARN_EMPTY_BODY = YES;
				CLANG_WARN_ENUM_CONVERSION = YES;
				CLANG_WARN_INFINITE_RECURSION = YES;
				CLANG_WARN_INT_CONVERSION = YES;
				CLANG_WARN_NON_LITERAL_NULL_CONVERSION = YES;
				CLANG_WARN_OBJC_IMPLICIT_RETAIN_SELF = YES;
				CLANG_WARN_OBJC_LITERAL_CONVERSION = YES;
				CLANG_WARN_OBJC_ROOT_CLASS = YES_ERROR;
				CLANG_WARN_RANGE_LOOP_ANALYSIS = YES;
				CLANG_WARN_STRICT_PROTOTYPES = YES;
				CLANG_WARN_SUSPICIOUS_MOVE = YES;
				CLANG_WARN_UNGUARDED_AVAILABILITY = YES_AGGRESSIVE;
				CLANG_WARN_UNREACHABLE_CODE = YES;
				CLANG_WARN__DUPLICATE_METHOD_MATCH = YES;
				COPY_PHASE_STRIP = NO;
				DEBUG_INFORMATION_FORMAT = "dwarf-with-dsym";
				ENABLE_NS_ASSERTIONS = NO;
				ENABLE_STRICT_OBJC_MSGSEND = YES;
				GCC_C_LANGUAGE_STANDARD = gnu11;
				GCC_NO_COMMON_BLOCKS = YES;
				GCC_WARN_64_TO_32_BIT_CONVERSION = YES;
				GCC_WARN_ABOUT_RETURN_TYPE = YES_ERROR;
				GCC_WARN_UNDECLARED_SELECTOR = YES;
				GCC_WARN_UNINITIALIZED_AUTOS = YES_AGGRESSIVE;
				GCC_WARN_UNUSED_FUNCTION = YES;
				GCC_WARN_UNUSED_VARIABLE = YES;
				IPHONEOS_DEPLOYMENT_TARGET = 13.2;
				MTL_ENABLE_DEBUG_INFO = NO;
				MTL_FAST_MATH = YES;
				SDKROOT = iphoneos;
				SWIFT_COMPILATION_MODE = wholemodule;
				SWIFT_OPTIMIZATION_LEVEL = "-O";
				VALIDATE_PRODUCT = YES;
			};
			name = Release;
		};
		3E6C6B7324926C27009110F0 /* Debug */ = {
			isa = XCBuildConfiguration;
			buildSettings = {
				ASSETCATALOG_COMPILER_APPICON_NAME = AppIcon;
				CODE_SIGN_STYLE = Automatic;
				DEVELOPMENT_TEAM = 67DZ326W5V;
				ENABLE_PREVIEWS = YES;
				INFOPLIST_FILE = CrossTalk/Info.plist;
				LD_RUNPATH_SEARCH_PATHS = (
					"$(inherited)",
					"@executable_path/Frameworks",
				);
				PRODUCT_BUNDLE_IDENTIFIER = com.dmitry.CrossTalk;
				PRODUCT_NAME = "$(TARGET_NAME)";
				SWIFT_VERSION = 5.0;
				TARGETED_DEVICE_FAMILY = "1,2";
			};
			name = Debug;
		};
		3E6C6B7424926C27009110F0 /* Release */ = {
			isa = XCBuildConfiguration;
			buildSettings = {
				ASSETCATALOG_COMPILER_APPICON_NAME = AppIcon;
				CODE_SIGN_STYLE = Automatic;
				DEVELOPMENT_TEAM = 67DZ326W5V;
				ENABLE_PREVIEWS = YES;
				INFOPLIST_FILE = CrossTalk/Info.plist;
				LD_RUNPATH_SEARCH_PATHS = (
					"$(inherited)",
					"@executable_path/Frameworks",
				);
				PRODUCT_BUNDLE_IDENTIFIER = com.dmitry.CrossTalk;
				PRODUCT_NAME = "$(TARGET_NAME)";
				SWIFT_VERSION = 5.0;
				TARGETED_DEVICE_FAMILY = "1,2";
			};
			name = Release;
		};
/* End XCBuildConfiguration section */

/* Begin XCConfigurationList section */
		3E6C6B5924926C26009110F0 /* Build configuration list for PBXProject "CrossTalk" */ = {
			isa = XCConfigurationList;
			buildConfigurations = (
				3E6C6B7024926C27009110F0 /* Debug */,
				3E6C6B7124926C27009110F0 /* Release */,
			);
			defaultConfigurationIsVisible = 0;
			defaultConfigurationName = Release;
		};
		3E6C6B7224926C27009110F0 /* Build configuration list for PBXNativeTarget "CrossTalk" */ = {
			isa = XCConfigurationList;
			buildConfigurations = (
				3E6C6B7324926C27009110F0 /* Debug */,
				3E6C6B7424926C27009110F0 /* Release */,
			);
			defaultConfigurationIsVisible = 0;
			defaultConfigurationName = Release;
		};
/* End XCConfigurationList section */
	};
	rootObject = 3E6C6B5624926C26009110F0 /* Project object */;
}
